
Microsoft Visual Studio Solution File, Format Version 12.00
# Visual Studio 15
VisualStudioVersion = 15.0.28307.902
MinimumVisualStudioVersion = 10.0.40219.1
Project("{9A19103F-16F7-4668-BE54-9A1E7A4F7556}") = "ContainerShip", "ContainerShip\ContainerShip.csproj", "{4C930E7B-CD6F-4A73-AB47-7471B7FE9104}"
EndProject
Project("{FAE04EC0-301F-11D3-BF4B-00C04F79EFBC}") = "UnitTestProject", "UnitTestProject\UnitTestProject.csproj", "{3141020C-3A7D-4CEC-8613-67D89B2AA9EA}"
EndProject
Global
	GlobalSection(SolutionConfigurationPlatforms) = preSolution
		Debug|Any CPU = Debug|Any CPU
		Release|Any CPU = Release|Any CPU
	EndGlobalSection
	GlobalSection(ProjectConfigurationPlatforms) = postSolution
		{4C930E7B-CD6F-4A73-AB47-7471B7FE9104}.Debug|Any CPU.ActiveCfg = Debug|Any CPU
		{4C930E7B-CD6F-4A73-AB47-7471B7FE9104}.Debug|Any CPU.Build.0 = Debug|Any CPU
		{4C930E7B-CD6F-4A73-AB47-7471B7FE9104}.Release|Any CPU.ActiveCfg = Release|Any CPU
		{4C930E7B-CD6F-4A73-AB47-7471B7FE9104}.Release|Any CPU.Build.0 = Release|Any CPU
		{3141020C-3A7D-4CEC-8613-67D89B2AA9EA}.Debug|Any CPU.ActiveCfg = Debug|Any CPU
		{3141020C-3A7D-4CEC-8613-67D89B2AA9EA}.Debug|Any CPU.Build.0 = Debug|Any CPU
		{3141020C-3A7D-4CEC-8613-67D89B2AA9EA}.Release|Any CPU.ActiveCfg = Release|Any CPU
		{3141020C-3A7D-4CEC-8613-67D89B2AA9EA}.Release|Any CPU.Build.0 = Release|Any CPU
	EndGlobalSection
	GlobalSection(SolutionProperties) = preSolution
		HideSolutionNode = FALSE
	EndGlobalSection
	GlobalSection(ExtensibilityGlobals) = postSolution
		SolutionGuid = {8B0E1488-0FB3-4CBF-A007-F4A5D8A4B149}
	EndGlobalSection
EndGlobal
