
Microsoft Visual Studio Solution File, Format Version 12.00
# Visual Studio 15
VisualStudioVersion = 15.0.28307.902
MinimumVisualStudioVersion = 10.0.40219.1
Project("{9A19103F-16F7-4668-BE54-9A1E7A4F7556}") = "Workshop3Logic", "Workshop3\Workshop3Logic.csproj", "{FC8E3C8B-C12B-4B80-9561-7736602BAE5C}"
EndProject
Project("{9A19103F-16F7-4668-BE54-9A1E7A4F7556}") = "Workshop3DAL", "Workshop3DAL\Workshop3DAL.csproj", "{D789A18E-38A4-4EBB-BD2E-909C0BA1D1DF}"
	ProjectSection(ProjectDependencies) = postProject
		{82D8A54A-3851-47BA-8745-6F120C25E028} = {82D8A54A-3851-47BA-8745-6F120C25E028}
	EndProjectSection
EndProject
Project("{9A19103F-16F7-4668-BE54-9A1E7A4F7556}") = "WorkShopInterface", "WorkShopInterface\WorkShopInterface.csproj", "{82D8A54A-3851-47BA-8745-6F120C25E028}"
EndProject
Project("{FAE04EC0-301F-11D3-BF4B-00C04F79EFBC}") = "NUnitTestProject1", "NUnitTestProject1\NUnitTestProject1.csproj", "{29019D07-02E8-4FDD-AD3D-B336E139866D}"
EndProject
Global
	GlobalSection(SolutionConfigurationPlatforms) = preSolution
		Debug|Any CPU = Debug|Any CPU
		Release|Any CPU = Release|Any CPU
	EndGlobalSection
	GlobalSection(ProjectConfigurationPlatforms) = postSolution
		{FC8E3C8B-C12B-4B80-9561-7736602BAE5C}.Debug|Any CPU.ActiveCfg = Debug|Any CPU
		{FC8E3C8B-C12B-4B80-9561-7736602BAE5C}.Debug|Any CPU.Build.0 = Debug|Any CPU
		{FC8E3C8B-C12B-4B80-9561-7736602BAE5C}.Release|Any CPU.ActiveCfg = Release|Any CPU
		{FC8E3C8B-C12B-4B80-9561-7736602BAE5C}.Release|Any CPU.Build.0 = Release|Any CPU
		{D789A18E-38A4-4EBB-BD2E-909C0BA1D1DF}.Debug|Any CPU.ActiveCfg = Debug|Any CPU
		{D789A18E-38A4-4EBB-BD2E-909C0BA1D1DF}.Debug|Any CPU.Build.0 = Debug|Any CPU
		{D789A18E-38A4-4EBB-BD2E-909C0BA1D1DF}.Release|Any CPU.ActiveCfg = Release|Any CPU
		{D789A18E-38A4-4EBB-BD2E-909C0BA1D1DF}.Release|Any CPU.Build.0 = Release|Any CPU
		{82D8A54A-3851-47BA-8745-6F120C25E028}.Debug|Any CPU.ActiveCfg = Debug|Any CPU
		{82D8A54A-3851-47BA-8745-6F120C25E028}.Debug|Any CPU.Build.0 = Debug|Any CPU
		{82D8A54A-3851-47BA-8745-6F120C25E028}.Release|Any CPU.ActiveCfg = Release|Any CPU
		{82D8A54A-3851-47BA-8745-6F120C25E028}.Release|Any CPU.Build.0 = Release|Any CPU
		{29019D07-02E8-4FDD-AD3D-B336E139866D}.Debug|Any CPU.ActiveCfg = Debug|Any CPU
		{29019D07-02E8-4FDD-AD3D-B336E139866D}.Debug|Any CPU.Build.0 = Debug|Any CPU
		{29019D07-02E8-4FDD-AD3D-B336E139866D}.Release|Any CPU.ActiveCfg = Release|Any CPU
		{29019D07-02E8-4FDD-AD3D-B336E139866D}.Release|Any CPU.Build.0 = Release|Any CPU
	EndGlobalSection
	GlobalSection(SolutionProperties) = preSolution
		HideSolutionNode = FALSE
	EndGlobalSection
	GlobalSection(ExtensibilityGlobals) = postSolution
		SolutionGuid = {15E006FB-D523-4F8D-A5DF-704A6383C3D8}
	EndGlobalSection
EndGlobal
